PODS:
  - AFNetworking (1.3.4)
  - BlocksKit (2.2.5):
    - BlocksKit/All
  - BlocksKit/All (2.2.5):
    - BlocksKit/Core
    - BlocksKit/DynamicDelegate
    - BlocksKit/MessageUI
    - BlocksKit/UIKit
  - BlocksKit/Core (2.2.5)
  - BlocksKit/DynamicDelegate (2.2.5)
  - BlocksKit/MessageUI (2.2.5):
    - BlocksKit/Core
    - BlocksKit/DynamicDelegate
  - BlocksKit/UIKit (2.2.5):
    - BlocksKit/Core
    - BlocksKit/DynamicDelegate
  - Masonry (0.6.1)
  - MMDrawerController (0.5.7):
    - MMDrawerController/Core
    - MMDrawerController/MMDrawerBarButtonItem
    - MMDrawerController/MMDrawerVisualStates
    - MMDrawerController/Subclass
  - MMDrawerController/Core (0.5.7)
  - MMDrawerController/MMDrawerBarButtonItem (0.5.7):
    - MMDrawerController/Core
  - MMDrawerController/MMDrawerVisualStates (0.5.7):
    - MMDrawerController/Core
  - MMDrawerController/Subclass (0.5.7):
    - MMDrawerController/Core
  - ReactiveCocoa (2.4.7):
    - ReactiveCocoa/UI
  - ReactiveCocoa/Core (2.4.7):
    - ReactiveCocoa/no-arc
  - ReactiveCocoa/no-arc (2.4.7)
  - ReactiveCocoa/UI (2.4.7):
    - ReactiveCocoa/Core
  - ReactiveViewModel (0.3):
    - ReactiveCocoa (~> 2.4)
  - RegexKitLite (4.0)
  - SDWebImage (3.7.1):
    - SDWebImage/Core
  - SDWebImage/Core (3.7.1)

DEPENDENCIES:
  - AFNetworking (~> 1.3.3)
  - BlocksKit (~> 2.2.5)
  - Masonry (~> 0.6.1)
  - MMDrawerController (~> 0.5.7)
  - ReactiveCocoa (~> 2.4.7)
  - ReactiveViewModel (~> 0.3)
  - RegexKitLite (~> 4.0)
  - SDWebImage (~> 3.7.1)

SPEC CHECKSUMS:
  AFNetworking: 80c4e0652b08eb34e25b9c0ff3c82556fe5967b4
  BlocksKit: 4439e7f30a9f90743462ca63545a15c1f4304cef
  Masonry: 2cb49fd14d203d2db5ca6bb017135b235dde9980
  MMDrawerController: c3ab7a318ddc7e2bcd133139c3161af08c6e1197
  ReactiveCocoa: 313fc53cc9aeb2bbbc3f5f13c7eac16478d9af8f
  ReactiveViewModel: 512224f801ea0a603fd394eed0f38bc662b64b9a
  RegexKitLite: c0e4c12e6e7de0769f3a3ed679f0f61604170661
  SDWebImage: 116e88633b5b416ea0ca4b334a4ac59cf72dd38d

COCOAPODS: 0.34.4
