// !$*UTF8*$!
{
	archiveVersion = 1;
	classes = {
	};
	objectVersion = 46;
	objects = {

/* Begin PBXBuildFile section */
		D896931F1A2AD58500FF32D1 /* main.m in Sources */ = {isa = PBXBuildFile; fileRef = D896931E1A2AD58500FF32D1 /* main.m */; };
		D89693221A2AD58500FF32D1 /* AppDelegate.m in Sources */ = {isa = PBXBuildFile; fileRef = D89693211A2AD58500FF32D1 /* AppDelegate.m */; };
		D89693251A2AD58500FF32D1 /* ViewController.m in Sources */ = {isa = PBXBuildFile; fileRef = D89693241A2AD58500FF32D1 /* ViewController.m */; };
		D89693281A2AD58500FF32D1 /* Main.storyboard in Resources */ = {isa = PBXBuildFile; fileRef = D89693261A2AD58500FF32D1 /* Main.storyboard */; };
		D896932A1A2AD58500FF32D1 /* Images.xcassets in Resources */ = {isa = PBXBuildFile; fileRef = D89693291A2AD58500FF32D1 /* Images.xcassets */; };
		D896932D1A2AD58500FF32D1 /* LaunchScreen.xib in Resources */ = {isa = PBXBuildFile; fileRef = D896932B1A2AD58500FF32D1 /* LaunchScreen.xib */; };
		D89693391A2AD58500FF32D1 /* HealthTipTests.m in Sources */ = {isa = PBXBuildFile; fileRef = D89693381A2AD58500FF32D1 /* HealthTipTests.m */; };
/* End PBXBuildFile section */

/* Begin PBXContainerItemProxy section */
		D89693331A2AD58500FF32D1 /* PBXContainerItemProxy */ = {
			isa = PBXContainerItemProxy;
			containerPortal = D89693111A2AD58500FF32D1 /* Project object */;
			proxyType = 1;
			remoteGlobalIDString = D89693181A2AD58500FF32D1;
			remoteInfo = HealthTip;
		};
/* End PBXContainerItemProxy section */

/* Begin PBXFileReference section */
		D89693191A2AD58500FF32D1 /* HealthTip.app */ = {isa = PBXFileReference; explicitFileType = wrapper.application; includeInIndex = 0; path = HealthTip.app; sourceTree = BUILT_PRODUCTS_DIR; };
		D896931D1A2AD58500FF32D1 /* Info.plist */ = {isa = PBXFileReference; lastKnownFileType = text.plist.xml; path = Info.plist; sourceTree = "<group>"; };
		D896931E1A2AD58500FF32D1 /* main.m */ = {isa = PBXFileReference; lastKnownFileType = sourcecode.c.objc; path = main.m; sourceTree = "<group>"; };
		D89693201A2AD58500FF32D1 /* AppDelegate.h */ = {isa = PBXFileReference; lastKnownFileType = sourcecode.c.h; path = AppDelegate.h; sourceTree = "<group>"; };
		D89693211A2AD58500FF32D1 /* AppDelegate.m */ = {isa = PBXFileReference; lastKnownFileType = sourcecode.c.objc; path = AppDelegate.m; sourceTree = "<group>"; };
		D89693231A2AD58500FF32D1 /* ViewController.h */ = {isa = PBXFileReference; lastKnownFileType = sourcecode.c.h; name = ViewController.h; path = ../../ViewController.h; sourceTree = "<group>"; };
		D89693241A2AD58500FF32D1 /* ViewController.m */ = {isa = PBXFileReference; lastKnownFileType = sourcecode.c.objc; name = ViewController.m; path = ../../ViewController.m; sourceTree = "<group>"; };
		D89693271A2AD58500FF32D1 /* Base */ = {isa = PBXFileReference; lastKnownFileType = file.storyboard; name = Base; path = Base.lproj/Main.storyboard; sourceTree = "<group>"; };
		D89693291A2AD58500FF32D1 /* Images.xcassets */ = {isa = PBXFileReference; lastKnownFileType = folder.assetcatalog; path = Images.xcassets; sourceTree = "<group>"; };
		D896932C1A2AD58500FF32D1 /* Base */ = {isa = PBXFileReference; lastKnownFileType = file.xib; name = Base; path = Base.lproj/LaunchScreen.xib; sourceTree = "<group>"; };
		D89693321A2AD58500FF32D1 /* HealthTipTests.xctest */ = {isa = PBXFileReference; explicitFileType = wrapper.cfbundle; includeInIndex = 0; path = HealthTipTests.xctest; sourceTree = BUILT_PRODUCTS_DIR; };
		D89693371A2AD58500FF32D1 /* Info.plist */ = {isa = PBXFileReference; lastKnownFileType = text.plist.xml; path = Info.plist; sourceTree = "<group>"; };
		D89693381A2AD58500FF32D1 /* HealthTipTests.m */ = {isa = PBXFileReference; lastKnownFileType = sourcecode.c.objc; path = HealthTipTests.m; sourceTree = "<group>"; };
/* End PBXFileReference section */

/* Begin PBXFrameworksBuildPhase section */
		D89693161A2AD58500FF32D1 /* Frameworks */ = {
			isa = PBXFrameworksBuildPhase;
			buildActionMask = 2147483647;
			files = (
			);
			runOnlyForDeploymentPostprocessing = 0;
		};
		D896932F1A2AD58500FF32D1 /* Frameworks */ = {
			isa = PBXFrameworksBuildPhase;
			buildActionMask = 2147483647;
			files = (
			);
			runOnlyForDeploymentPostprocessing = 0;
		};
/* End PBXFrameworksBuildPhase section */

/* Begin PBXGroup section */
		D89693101A2AD58500FF32D1 = {
			isa = PBXGroup;
			children = (
				D896931B1A2AD58500FF32D1 /* HealthTip */,
				D89693351A2AD58500FF32D1 /* HealthTipTests */,
				D896931A1A2AD58500FF32D1 /* Products */,
			);
			sourceTree = "<group>";
		};
		D896931A1A2AD58500FF32D1 /* Products */ = {
			isa = PBXGroup;
			children = (
				D89693191A2AD58500FF32D1 /* HealthTip.app */,
				D89693321A2AD58500FF32D1 /* HealthTipTests.xctest */,
			);
			name = Products;
			sourceTree = "<group>";
		};
		D896931B1A2AD58500FF32D1 /* HealthTip */ = {
			isa = PBXGroup;
			children = (
				D89693781A2ADD5700FF32D1 /* Classes */,
				D89693771A2ADD4F00FF32D1 /* ThirdParty */,
				D896931C1A2AD58500FF32D1 /* Supporting Files */,
				D89693701A2ADD3C00FF32D1 /* Resource */,
				D89693201A2AD58500FF32D1 /* AppDelegate.h */,
				D89693211A2AD58500FF32D1 /* AppDelegate.m */,
				D89693291A2AD58500FF32D1 /* Images.xcassets */,
			);
			path = HealthTip;
			sourceTree = "<group>";
		};
		D896931C1A2AD58500FF32D1 /* Supporting Files */ = {
			isa = PBXGroup;
			children = (
				D896931D1A2AD58500FF32D1 /* Info.plist */,
				D896931E1A2AD58500FF32D1 /* main.m */,
			);
			name = "Supporting Files";
			sourceTree = "<group>";
		};
		D89693351A2AD58500FF32D1 /* HealthTipTests */ = {
			isa = PBXGroup;
			children = (
				D89693381A2AD58500FF32D1 /* HealthTipTests.m */,
				D89693361A2AD58500FF32D1 /* Supporting Files */,
			);
			path = HealthTipTests;
			sourceTree = "<group>";
		};
		D89693361A2AD58500FF32D1 /* Supporting Files */ = {
			isa = PBXGroup;
			children = (
				D89693371A2AD58500FF32D1 /* Info.plist */,
			);
			name = "Supporting Files";
			sourceTree = "<group>";
		};
		D89693701A2ADD3C00FF32D1 /* Resource */ = {
			isa = PBXGroup;
			children = (
				D89693711A2ADD3C00FF32D1 /* Files */,
				D89693731A2ADD3C00FF32D1 /* Images */,
				D89693741A2ADD3C00FF32D1 /* Media */,
				D89693751A2ADD3C00FF32D1 /* Xibs */,
			);
			path = Resource;
			sourceTree = "<group>";
		};
		D89693711A2ADD3C00FF32D1 /* Files */ = {
			isa = PBXGroup;
			children = (
				D89693721A2ADD3C00FF32D1 /* Define */,
			);
			path = Files;
			sourceTree = "<group>";
		};
		D89693721A2ADD3C00FF32D1 /* Define */ = {
			isa = PBXGroup;
			children = (
			);
			path = Define;
			sourceTree = "<group>";
		};
		D89693731A2ADD3C00FF32D1 /* Images */ = {
			isa = PBXGroup;
			children = (
			);
			path = Images;
			sourceTree = "<group>";
		};
		D89693741A2ADD3C00FF32D1 /* Media */ = {
			isa = PBXGroup;
			children = (
			);
			path = Media;
			sourceTree = "<group>";
		};
		D89693751A2ADD3C00FF32D1 /* Xibs */ = {
			isa = PBXGroup;
			children = (
				D89693261A2AD58500FF32D1 /* Main.storyboard */,
				D896932B1A2AD58500FF32D1 /* LaunchScreen.xib */,
				D89693761A2ADD3C00FF32D1 /* CellXibs */,
			);
			path = Xibs;
			sourceTree = "<group>";
		};
		D89693761A2ADD3C00FF32D1 /* CellXibs */ = {
			isa = PBXGroup;
			children = (
			);
			path = CellXibs;
			sourceTree = "<group>";
		};
		D89693771A2ADD4F00FF32D1 /* ThirdParty */ = {
			isa = PBXGroup;
			children = (
			);
			path = ThirdParty;
			sourceTree = "<group>";
		};
		D89693781A2ADD5700FF32D1 /* Classes */ = {
			isa = PBXGroup;
			children = (
				D89693791A2ADD5700FF32D1 /* Extend */,
				D896937B1A2ADD5700FF32D1 /* Roots */,
				D896937C1A2ADD5700FF32D1 /* System */,
				D89693821A2ADD5700FF32D1 /* UI */,
			);
			path = Classes;
			sourceTree = "<group>";
		};
		D89693791A2ADD5700FF32D1 /* Extend */ = {
			isa = PBXGroup;
			children = (
				D896937A1A2ADD5700FF32D1 /* Protocols */,
			);
			path = Extend;
			sourceTree = "<group>";
		};
		D896937A1A2ADD5700FF32D1 /* Protocols */ = {
			isa = PBXGroup;
			children = (
			);
			path = Protocols;
			sourceTree = "<group>";
		};
		D896937B1A2ADD5700FF32D1 /* Roots */ = {
			isa = PBXGroup;
			children = (
				D89693231A2AD58500FF32D1 /* ViewController.h */,
				D89693241A2AD58500FF32D1 /* ViewController.m */,
			);
			path = Roots;
			sourceTree = "<group>";
		};
		D896937C1A2ADD5700FF32D1 /* System */ = {
			isa = PBXGroup;
			children = (
				D896937D1A2ADD5700FF32D1 /* Base */,
				D896937E1A2ADD5700FF32D1 /* DB */,
				D89693811A2ADD5700FF32D1 /* Network */,
			);
			path = System;
			sourceTree = "<group>";
		};
		D896937D1A2ADD5700FF32D1 /* Base */ = {
			isa = PBXGroup;
			children = (
			);
			path = Base;
			sourceTree = "<group>";
		};
		D896937E1A2ADD5700FF32D1 /* DB */ = {
			isa = PBXGroup;
			children = (
				D896937F1A2ADD5700FF32D1 /* Caches */,
				D89693801A2ADD5700FF32D1 /* Models */,
			);
			path = DB;
			sourceTree = "<group>";
		};
		D896937F1A2ADD5700FF32D1 /* Caches */ = {
			isa = PBXGroup;
			children = (
			);
			path = Caches;
			sourceTree = "<group>";
		};
		D89693801A2ADD5700FF32D1 /* Models */ = {
			isa = PBXGroup;
			children = (
			);
			path = Models;
			sourceTree = "<group>";
		};
		D89693811A2ADD5700FF32D1 /* Network */ = {
			isa = PBXGroup;
			children = (
			);
			path = Network;
			sourceTree = "<group>";
		};
		D89693821A2ADD5700FF32D1 /* UI */ = {
			isa = PBXGroup;
			children = (
				D89693831A2ADD5700FF32D1 /* Tool */,
			);
			path = UI;
			sourceTree = "<group>";
		};
		D89693831A2ADD5700FF32D1 /* Tool */ = {
			isa = PBXGroup;
			children = (
			);
			path = Tool;
			sourceTree = "<group>";
		};
/* End PBXGroup section */

/* Begin PBXNativeTarget section */
		D89693181A2AD58500FF32D1 /* HealthTip */ = {
			isa = PBXNativeTarget;
			buildConfigurationList = D896933C1A2AD58500FF32D1 /* Build configuration list for PBXNativeTarget "HealthTip" */;
			buildPhases = (
				D89693151A2AD58500FF32D1 /* Sources */,
				D89693161A2AD58500FF32D1 /* Frameworks */,
				D89693171A2AD58500FF32D1 /* Resources */,
			);
			buildRules = (
			);
			dependencies = (
			);
			name = HealthTip;
			productName = HealthTip;
			productReference = D89693191A2AD58500FF32D1 /* HealthTip.app */;
			productType = "com.apple.product-type.application";
		};
		D89693311A2AD58500FF32D1 /* HealthTipTests */ = {
			isa = PBXNativeTarget;
			buildConfigurationList = D896933F1A2AD58500FF32D1 /* Build configuration list for PBXNativeTarget "HealthTipTests" */;
			buildPhases = (
				D896932E1A2AD58500FF32D1 /* Sources */,
				D896932F1A2AD58500FF32D1 /* Frameworks */,
				D89693301A2AD58500FF32D1 /* Resources */,
			);
			buildRules = (
			);
			dependencies = (
				D89693341A2AD58500FF32D1 /* PBXTargetDependency */,
			);
			name = HealthTipTests;
			productName = HealthTipTests;
			productReference = D89693321A2AD58500FF32D1 /* HealthTipTests.xctest */;
			productType = "com.apple.product-type.bundle.unit-test";
		};
/* End PBXNativeTarget section */

/* Begin PBXProject section */
		D89693111A2AD58500FF32D1 /* Project object */ = {
			isa = PBXProject;
			attributes = {
				LastUpgradeCheck = 0610;
				ORGANIZATIONNAME = Yorke;
				TargetAttributes = {
					D89693181A2AD58500FF32D1 = {
						CreatedOnToolsVersion = 6.1;
					};
					D89693311A2AD58500FF32D1 = {
						CreatedOnToolsVersion = 6.1;
						TestTargetID = D89693181A2AD58500FF32D1;
					};
				};
			};
			buildConfigurationList = D89693141A2AD58500FF32D1 /* Build configuration list for PBXProject "HealthTip" */;
			compatibilityVersion = "Xcode 3.2";
			developmentRegion = English;
			hasScannedForEncodings = 0;
			knownRegions = (
				en,
				Base,
			);
			mainGroup = D89693101A2AD58500FF32D1;
			productRefGroup = D896931A1A2AD58500FF32D1 /* Products */;
			projectDirPath = "";
			projectRoot = "";
			targets = (
				D89693181A2AD58500FF32D1 /* HealthTip */,
				D89693311A2AD58500FF32D1 /* HealthTipTests */,
			);
		};
/* End PBXProject section */

/* Begin PBXResourcesBuildPhase section */
		D89693171A2AD58500FF32D1 /* Resources */ = {
			isa = PBXResourcesBuildPhase;
			buildActionMask = 2147483647;
			files = (
				D89693281A2AD58500FF32D1 /* Main.storyboard in Resources */,
				D896932D1A2AD58500FF32D1 /* LaunchScreen.xib in Resources */,
				D896932A1A2AD58500FF32D1 /* Images.xcassets in Resources */,
			);
			runOnlyForDeploymentPostprocessing = 0;
		};
		D89693301A2AD58500FF32D1 /* Resources */ = {
			isa = PBXResourcesBuildPhase;
			buildActionMask = 2147483647;
			files = (
			);
			runOnlyForDeploymentPostprocessing = 0;
		};
/* End PBXResourcesBuildPhase section */

/* Begin PBXSourcesBuildPhase section */
		D89693151A2AD58500FF32D1 /* Sources */ = {
			isa = PBXSourcesBuildPhase;
			buildActionMask = 2147483647;
			files = (
				D89693251A2AD58500FF32D1 /* ViewController.m in Sources */,
				D89693221A2AD58500FF32D1 /* AppDelegate.m in Sources */,
				D896931F1A2AD58500FF32D1 /* main.m in Sources */,
			);
			runOnlyForDeploymentPostprocessing = 0;
		};
		D896932E1A2AD58500FF32D1 /* Sources */ = {
			isa = PBXSourcesBuildPhase;
			buildActionMask = 2147483647;
			files = (
				D89693391A2AD58500FF32D1 /* HealthTipTests.m in Sources */,
			);
			runOnlyForDeploymentPostprocessing = 0;
		};
/* End PBXSourcesBuildPhase section */

/* Begin PBXTargetDependency section */
		D89693341A2AD58500FF32D1 /* PBXTargetDependency */ = {
			isa = PBXTargetDependency;
			target = D89693181A2AD58500FF32D1 /* HealthTip */;
			targetProxy = D89693331A2AD58500FF32D1 /* PBXContainerItemProxy */;
		};
/* End PBXTargetDependency section */

/* Begin PBXVariantGroup section */
		D89693261A2AD58500FF32D1 /* Main.storyboard */ = {
			isa = PBXVariantGroup;
			children = (
				D89693271A2AD58500FF32D1 /* Base */,
			);
			name = Main.storyboard;
			path = ../..;
			sourceTree = "<group>";
		};
		D896932B1A2AD58500FF32D1 /* LaunchScreen.xib */ = {
			isa = PBXVariantGroup;
			children = (
				D896932C1A2AD58500FF32D1 /* Base */,
			);
			name = LaunchScreen.xib;
			path = ../..;
			sourceTree = "<group>";
		};
/* End PBXVariantGroup section */

/* Begin XCBuildConfiguration section */
		D896933A1A2AD58500FF32D1 /* Debug */ = {
			isa = XCBuildConfiguration;
			buildSettings = {
				ALWAYS_SEARCH_USER_PATHS = NO;
				CLANG_CXX_LANGUAGE_STANDARD = "gnu++0x";
				CLANG_CXX_LIBRARY = "libc++";
				CLANG_ENABLE_MODULES = YES;
				CLANG_ENABLE_OBJC_ARC = YES;
				CLANG_WARN_BOOL_CONVERSION = YES;
				CLANG_WARN_CONSTANT_CONVERSION = YES;
				CLANG_WARN_DIRECT_OBJC_ISA_USAGE = YES_ERROR;
				CLANG_WARN_EMPTY_BODY = YES;
				CLANG_WARN_ENUM_CONVERSION = YES;
				CLANG_WARN_INT_CONVERSION = YES;
				CLANG_WARN_OBJC_ROOT_CLASS = YES_ERROR;
				CLANG_WARN_UNREACHABLE_CODE = YES;
				CLANG_WARN__DUPLICATE_METHOD_MATCH = YES;
				"CODE_SIGN_IDENTITY[sdk=iphoneos*]" = "iPhone Developer";
				COPY_PHASE_STRIP = NO;
				ENABLE_STRICT_OBJC_MSGSEND = YES;
				GCC_C_LANGUAGE_STANDARD = gnu99;
				GCC_DYNAMIC_NO_PIC = NO;
				GCC_OPTIMIZATION_LEVEL = 0;
				GCC_PREPROCESSOR_DEFINITIONS = (
					"DEBUG=1",
					"$(inherited)",
				);
				GCC_SYMBOLS_PRIVATE_EXTERN = NO;
				GCC_WARN_64_TO_32_BIT_CONVERSION = YES;
				GCC_WARN_ABOUT_RETURN_TYPE = YES_ERROR;
				GCC_WARN_UNDECLARED_SELECTOR = YES;
				GCC_WARN_UNINITIALIZED_AUTOS = YES_AGGRESSIVE;
				GCC_WARN_UNUSED_FUNCTION = YES;
				GCC_WARN_UNUSED_VARIABLE = YES;
				IPHONEOS_DEPLOYMENT_TARGET = 8.1;
				MTL_ENABLE_DEBUG_INFO = YES;
				ONLY_ACTIVE_ARCH = YES;
				SDKROOT = iphoneos;
			};
			name = Debug;
		};
		D896933B1A2AD58500FF32D1 /* Release */ = {
			isa = XCBuildConfiguration;
			buildSettings = {
				ALWAYS_SEARCH_USER_PATHS = NO;
				CLANG_CXX_LANGUAGE_STANDARD = "gnu++0x";
				CLANG_CXX_LIBRARY = "libc++";
				CLANG_ENABLE_MODULES = YES;
				CLANG_ENABLE_OBJC_ARC = YES;
				CLANG_WARN_BOOL_CONVERSION = YES;
				CLANG_WARN_CONSTANT_CONVERSION = YES;
				CLANG_WARN_DIRECT_OBJC_ISA_USAGE = YES_ERROR;
				CLANG_WARN_EMPTY_BODY = YES;
				CLANG_WARN_ENUM_CONVERSION = YES;
				CLANG_WARN_INT_CONVERSION = YES;
				CLANG_WARN_OBJC_ROOT_CLASS = YES_ERROR;
				CLANG_WARN_UNREACHABLE_CODE = YES;
				CLANG_WARN__DUPLICATE_METHOD_MATCH = YES;
				"CODE_SIGN_IDENTITY[sdk=iphoneos*]" = "iPhone Developer";
				COPY_PHASE_STRIP = YES;
				ENABLE_NS_ASSERTIONS = NO;
				ENABLE_STRICT_OBJC_MSGSEND = YES;
				GCC_C_LANGUAGE_STANDARD = gnu99;
				GCC_WARN_64_TO_32_BIT_CONVERSION = YES;
				GCC_WARN_ABOUT_RETURN_TYPE = YES_ERROR;
				GCC_WARN_UNDECLARED_SELECTOR = YES;
				GCC_WARN_UNINITIALIZED_AUTOS = YES_AGGRESSIVE;
				GCC_WARN_UNUSED_FUNCTION = YES;
				GCC_WARN_UNUSED_VARIABLE = YES;
				IPHONEOS_DEPLOYMENT_TARGET = 8.1;
				MTL_ENABLE_DEBUG_INFO = NO;
				SDKROOT = iphoneos;
				VALIDATE_PRODUCT = YES;
			};
			name = Release;
		};
		D896933D1A2AD58500FF32D1 /* Debug */ = {
			isa = XCBuildConfiguration;
			buildSettings = {
				ASSETCATALOG_COMPILER_APPICON_NAME = AppIcon;
				INFOPLIST_FILE = HealthTip/Info.plist;
				LD_RUNPATH_SEARCH_PATHS = "$(inherited) @executable_path/Frameworks";
				PRODUCT_NAME = "$(TARGET_NAME)";
			};
			name = Debug;
		};
		D896933E1A2AD58500FF32D1 /* Release */ = {
			isa = XCBuildConfiguration;
			buildSettings = {
				ASSETCATALOG_COMPILER_APPICON_NAME = AppIcon;
				INFOPLIST_FILE = HealthTip/Info.plist;
				LD_RUNPATH_SEARCH_PATHS = "$(inherited) @executable_path/Frameworks";
				PRODUCT_NAME = "$(TARGET_NAME)";
			};
			name = Release;
		};
		D89693401A2AD58500FF32D1 /* Debug */ = {
			isa = XCBuildConfiguration;
			buildSettings = {
				BUNDLE_LOADER = "$(TEST_HOST)";
				FRAMEWORK_SEARCH_PATHS = (
					"$(SDKROOT)/Developer/Library/Frameworks",
					"$(inherited)",
				);
				GCC_PREPROCESSOR_DEFINITIONS = (
					"DEBUG=1",
					"$(inherited)",
				);
				INFOPLIST_FILE = HealthTipTests/Info.plist;
				LD_RUNPATH_SEARCH_PATHS = "$(inherited) @executable_path/Frameworks @loader_path/Frameworks";
				PRODUCT_NAME = "$(TARGET_NAME)";
				TEST_HOST = "$(BUILT_PRODUCTS_DIR)/HealthTip.app/HealthTip";
			};
			name = Debug;
		};
		D89693411A2AD58500FF32D1 /* Release */ = {
			isa = XCBuildConfiguration;
			buildSettings = {
				BUNDLE_LOADER = "$(TEST_HOST)";
				FRAMEWORK_SEARCH_PATHS = (
					"$(SDKROOT)/Developer/Library/Frameworks",
					"$(inherited)",
				);
				INFOPLIST_FILE = HealthTipTests/Info.plist;
				LD_RUNPATH_SEARCH_PATHS = "$(inherited) @executable_path/Frameworks @loader_path/Frameworks";
				PRODUCT_NAME = "$(TARGET_NAME)";
				TEST_HOST = "$(BUILT_PRODUCTS_DIR)/HealthTip.app/HealthTip";
			};
			name = Release;
		};
/* End XCBuildConfiguration section */

/* Begin XCConfigurationList section */
		D89693141A2AD58500FF32D1 /* Build configuration list for PBXProject "HealthTip" */ = {
			isa = XCConfigurationList;
			buildConfigurations = (
				D896933A1A2AD58500FF32D1 /* Debug */,
				D896933B1A2AD58500FF32D1 /* Release */,
			);
			defaultConfigurationIsVisible = 0;
			defaultConfigurationName = Release;
		};
		D896933C1A2AD58500FF32D1 /* Build configuration list for PBXNativeTarget "HealthTip" */ = {
			isa = XCConfigurationList;
			buildConfigurations = (
				D896933D1A2AD58500FF32D1 /* Debug */,
				D896933E1A2AD58500FF32D1 /* Release */,
			);
			defaultConfigurationIsVisible = 0;
			defaultConfigurationName = Release;
		};
		D896933F1A2AD58500FF32D1 /* Build configuration list for PBXNativeTarget "HealthTipTests" */ = {
			isa = XCConfigurationList;
			buildConfigurations = (
				D89693401A2AD58500FF32D1 /* Debug */,
				D89693411A2AD58500FF32D1 /* Release */,
			);
			defaultConfigurationIsVisible = 0;
			defaultConfigurationName = Release;
		};
/* End XCConfigurationList section */
	};
	rootObject = D89693111A2AD58500FF32D1 /* Project object */;
}
