// !$*UTF8*$!
{
	archiveVersion = 1;
	classes = {
	};
	objectVersion = 46;
	objects = {

/* Begin PBXBuildFile section */
		D896931F1A2AD58500FF32D1 /* main.m in Sources */ = {isa = PBXBuildFile; fileRef = D896931E1A2AD58500FF32D1 /* main.m */; };
		D89693221A2AD58500FF32D1 /* AppDelegate.m in Sources */ = {isa = PBXBuildFile; fileRef = D89693211A2AD58500FF32D1 /* AppDelegate.m */; };
		D89693281A2AD58500FF32D1 /* Main.storyboard in Resources */ = {isa = PBXBuildFile; fileRef = D89693261A2AD58500FF32D1 /* Main.storyboard */; };
		D896932A1A2AD58500FF32D1 /* Images.xcassets in Resources */ = {isa = PBXBuildFile; fileRef = D89693291A2AD58500FF32D1 /* Images.xcassets */; };
		D896932D1A2AD58500FF32D1 /* LaunchScreen.xib in Resources */ = {isa = PBXBuildFile; fileRef = D896932B1A2AD58500FF32D1 /* LaunchScreen.xib */; };
		D89693891A2AE7D300FF32D1 /* WTUIBoard.m in Sources */ = {isa = PBXBuildFile; fileRef = D89693881A2AE7D300FF32D1 /* WTUIBoard.m */; };
		D8AA69B41A3536CC00CA9B31 /* MainBoard.m in Sources */ = {isa = PBXBuildFile; fileRef = D8AA69B31A3536CC00CA9B31 /* MainBoard.m */; };
		D8AA69B61A357A2100CA9B31 /* MapKit.framework in Frameworks */ = {isa = PBXBuildFile; fileRef = D8AA69B51A357A2100CA9B31 /* MapKit.framework */; };
		D8AA69B81A357A3100CA9B31 /* HealthKit.framework in Frameworks */ = {isa = PBXBuildFile; fileRef = D8AA69B71A357A3100CA9B31 /* HealthKit.framework */; };
		D8AA69BA1A357A4600CA9B31 /* CoreData.framework in Frameworks */ = {isa = PBXBuildFile; fileRef = D8AA69B91A357A4600CA9B31 /* CoreData.framework */; };
		D8AA69BC1A357A4D00CA9B31 /* CoreLocation.framework in Frameworks */ = {isa = PBXBuildFile; fileRef = D8AA69BB1A357A4D00CA9B31 /* CoreLocation.framework */; };
		D8AA69BF1A35E67F00CA9B31 /* SettingBoard.m in Sources */ = {isa = PBXBuildFile; fileRef = D8AA69BE1A35E67F00CA9B31 /* SettingBoard.m */; };
		D8AA69C21A35F3F300CA9B31 /* WTCircleLayer.m in Sources */ = {isa = PBXBuildFile; fileRef = D8AA69C11A35F3F300CA9B31 /* WTCircleLayer.m */; };
		D8AA69C51A36ECDF00CA9B31 /* HealthTipModel.xcdatamodeld in Sources */ = {isa = PBXBuildFile; fileRef = D8AA69C31A36ECDF00CA9B31 /* HealthTipModel.xcdatamodeld */; };
		D8AA69CA1A37E21F00CA9B31 /* back.png in Resources */ = {isa = PBXBuildFile; fileRef = D8AA69C91A37E21F00CA9B31 /* back.png */; };
		D8AA69CD1A37E7EB00CA9B31 /* GlobalVariables.m in Sources */ = {isa = PBXBuildFile; fileRef = D8AA69CC1A37E7EB00CA9B31 /* GlobalVariables.m */; };
/* End PBXBuildFile section */

/* Begin PBXFileReference section */
		D89693191A2AD58500FF32D1 /* HealthTip.app */ = {isa = PBXFileReference; explicitFileType = wrapper.application; includeInIndex = 0; path = HealthTip.app; sourceTree = BUILT_PRODUCTS_DIR; };
		D896931D1A2AD58500FF32D1 /* Info.plist */ = {isa = PBXFileReference; lastKnownFileType = text.plist.xml; path = Info.plist; sourceTree = "<group>"; };
		D896931E1A2AD58500FF32D1 /* main.m */ = {isa = PBXFileReference; lastKnownFileType = sourcecode.c.objc; path = main.m; sourceTree = "<group>"; };
		D89693201A2AD58500FF32D1 /* AppDelegate.h */ = {isa = PBXFileReference; lastKnownFileType = sourcecode.c.h; path = AppDelegate.h; sourceTree = "<group>"; };
		D89693211A2AD58500FF32D1 /* AppDelegate.m */ = {isa = PBXFileReference; lastKnownFileType = sourcecode.c.objc; path = AppDelegate.m; sourceTree = "<group>"; };
		D89693271A2AD58500FF32D1 /* Base */ = {isa = PBXFileReference; lastKnownFileType = file.storyboard; name = Base; path = Base.lproj/Main.storyboard; sourceTree = "<group>"; };
		D89693291A2AD58500FF32D1 /* Images.xcassets */ = {isa = PBXFileReference; lastKnownFileType = folder.assetcatalog; path = Images.xcassets; sourceTree = "<group>"; };
		D896932C1A2AD58500FF32D1 /* Base */ = {isa = PBXFileReference; lastKnownFileType = file.xib; name = Base; path = Base.lproj/LaunchScreen.xib; sourceTree = "<group>"; };
		D89693871A2AE7D300FF32D1 /* WTUIBoard.h */ = {isa = PBXFileReference; fileEncoding = 4; lastKnownFileType = sourcecode.c.h; path = WTUIBoard.h; sourceTree = "<group>"; };
		D89693881A2AE7D300FF32D1 /* WTUIBoard.m */ = {isa = PBXFileReference; fileEncoding = 4; lastKnownFileType = sourcecode.c.objc; path = WTUIBoard.m; sourceTree = "<group>"; };
		D896938A1A2AE83B00FF32D1 /* HealthTip-Prefix.pch */ = {isa = PBXFileReference; fileEncoding = 4; lastKnownFileType = sourcecode.c.h; path = "HealthTip-Prefix.pch"; sourceTree = "<group>"; };
		D8AA69B21A3536CC00CA9B31 /* MainBoard.h */ = {isa = PBXFileReference; fileEncoding = 4; lastKnownFileType = sourcecode.c.h; path = MainBoard.h; sourceTree = "<group>"; };
		D8AA69B31A3536CC00CA9B31 /* MainBoard.m */ = {isa = PBXFileReference; fileEncoding = 4; lastKnownFileType = sourcecode.c.objc; path = MainBoard.m; sourceTree = "<group>"; };
		D8AA69B51A357A2100CA9B31 /* MapKit.framework */ = {isa = PBXFileReference; lastKnownFileType = wrapper.framework; name = MapKit.framework; path = System/Library/Frameworks/MapKit.framework; sourceTree = SDKROOT; };
		D8AA69B71A357A3100CA9B31 /* HealthKit.framework */ = {isa = PBXFileReference; lastKnownFileType = wrapper.framework; name = HealthKit.framework; path = System/Library/Frameworks/HealthKit.framework; sourceTree = SDKROOT; };
		D8AA69B91A357A4600CA9B31 /* CoreData.framework */ = {isa = PBXFileReference; lastKnownFileType = wrapper.framework; name = CoreData.framework; path = System/Library/Frameworks/CoreData.framework; sourceTree = SDKROOT; };
		D8AA69BB1A357A4D00CA9B31 /* CoreLocation.framework */ = {isa = PBXFileReference; lastKnownFileType = wrapper.framework; name = CoreLocation.framework; path = System/Library/Frameworks/CoreLocation.framework; sourceTree = SDKROOT; };
		D8AA69BD1A35E67F00CA9B31 /* SettingBoard.h */ = {isa = PBXFileReference; fileEncoding = 4; lastKnownFileType = sourcecode.c.h; path = SettingBoard.h; sourceTree = "<group>"; };
		D8AA69BE1A35E67F00CA9B31 /* SettingBoard.m */ = {isa = PBXFileReference; fileEncoding = 4; lastKnownFileType = sourcecode.c.objc; path = SettingBoard.m; sourceTree = "<group>"; };
		D8AA69C01A35F3F300CA9B31 /* WTCircleLayer.h */ = {isa = PBXFileReference; fileEncoding = 4; lastKnownFileType = sourcecode.c.h; path = WTCircleLayer.h; sourceTree = "<group>"; };
		D8AA69C11A35F3F300CA9B31 /* WTCircleLayer.m */ = {isa = PBXFileReference; fileEncoding = 4; lastKnownFileType = sourcecode.c.objc; path = WTCircleLayer.m; sourceTree = "<group>"; };
		D8AA69C41A36ECDF00CA9B31 /* HealthTipModel.xcdatamodel */ = {isa = PBXFileReference; lastKnownFileType = wrapper.xcdatamodel; path = HealthTipModel.xcdatamodel; sourceTree = "<group>"; };
		D8AA69C91A37E21F00CA9B31 /* back.png */ = {isa = PBXFileReference; lastKnownFileType = image.png; path = back.png; sourceTree = "<group>"; };
		D8AA69CB1A37E7EB00CA9B31 /* GlobalVariables.h */ = {isa = PBXFileReference; fileEncoding = 4; lastKnownFileType = sourcecode.c.h; path = GlobalVariables.h; sourceTree = "<group>"; };
		D8AA69CC1A37E7EB00CA9B31 /* GlobalVariables.m */ = {isa = PBXFileReference; fileEncoding = 4; lastKnownFileType = sourcecode.c.objc; path = GlobalVariables.m; sourceTree = "<group>"; };
/* End PBXFileReference section */

/* Begin PBXFrameworksBuildPhase section */
		D89693161A2AD58500FF32D1 /* Frameworks */ = {
			isa = PBXFrameworksBuildPhase;
			buildActionMask = 2147483647;
			files = (
				D8AA69BC1A357A4D00CA9B31 /* CoreLocation.framework in Frameworks */,
				D8AA69BA1A357A4600CA9B31 /* CoreData.framework in Frameworks */,
				D8AA69B81A357A3100CA9B31 /* HealthKit.framework in Frameworks */,
				D8AA69B61A357A2100CA9B31 /* MapKit.framework in Frameworks */,
			);
			runOnlyForDeploymentPostprocessing = 0;
		};
/* End PBXFrameworksBuildPhase section */

/* Begin PBXGroup section */
		D89693101A2AD58500FF32D1 = {
			isa = PBXGroup;
			children = (
				D8AA69C61A36ED8800CA9B31 /* Frameworks */,
				D896931B1A2AD58500FF32D1 /* HealthTip */,
				D896931A1A2AD58500FF32D1 /* Products */,
			);
			sourceTree = "<group>";
		};
		D896931A1A2AD58500FF32D1 /* Products */ = {
			isa = PBXGroup;
			children = (
				D89693191A2AD58500FF32D1 /* HealthTip.app */,
			);
			name = Products;
			sourceTree = "<group>";
		};
		D896931B1A2AD58500FF32D1 /* HealthTip */ = {
			isa = PBXGroup;
			children = (
				D89693781A2ADD5700FF32D1 /* Classes */,
				D89693771A2ADD4F00FF32D1 /* ThirdParty */,
				D896931C1A2AD58500FF32D1 /* Supporting Files */,
				D89693701A2ADD3C00FF32D1 /* Resource */,
				D89693201A2AD58500FF32D1 /* AppDelegate.h */,
				D89693211A2AD58500FF32D1 /* AppDelegate.m */,
				D89693291A2AD58500FF32D1 /* Images.xcassets */,
			);
			path = HealthTip;
			sourceTree = "<group>";
		};
		D896931C1A2AD58500FF32D1 /* Supporting Files */ = {
			isa = PBXGroup;
			children = (
				D896931D1A2AD58500FF32D1 /* Info.plist */,
				D896931E1A2AD58500FF32D1 /* main.m */,
				D896938A1A2AE83B00FF32D1 /* HealthTip-Prefix.pch */,
			);
			name = "Supporting Files";
			sourceTree = "<group>";
		};
		D89693701A2ADD3C00FF32D1 /* Resource */ = {
			isa = PBXGroup;
			children = (
				D89693711A2ADD3C00FF32D1 /* Files */,
				D89693731A2ADD3C00FF32D1 /* Images */,
				D89693741A2ADD3C00FF32D1 /* Media */,
				D89693751A2ADD3C00FF32D1 /* Xibs */,
			);
			path = Resource;
			sourceTree = "<group>";
		};
		D89693711A2ADD3C00FF32D1 /* Files */ = {
			isa = PBXGroup;
			children = (
				D89693721A2ADD3C00FF32D1 /* Define */,
			);
			path = Files;
			sourceTree = "<group>";
		};
		D89693721A2ADD3C00FF32D1 /* Define */ = {
			isa = PBXGroup;
			children = (
			);
			path = Define;
			sourceTree = "<group>";
		};
		D89693731A2ADD3C00FF32D1 /* Images */ = {
			isa = PBXGroup;
			children = (
				D8AA69C91A37E21F00CA9B31 /* back.png */,
			);
			path = Images;
			sourceTree = "<group>";
		};
		D89693741A2ADD3C00FF32D1 /* Media */ = {
			isa = PBXGroup;
			children = (
			);
			path = Media;
			sourceTree = "<group>";
		};
		D89693751A2ADD3C00FF32D1 /* Xibs */ = {
			isa = PBXGroup;
			children = (
				D89693261A2AD58500FF32D1 /* Main.storyboard */,
				D896932B1A2AD58500FF32D1 /* LaunchScreen.xib */,
				D89693761A2ADD3C00FF32D1 /* CellXibs */,
			);
			path = Xibs;
			sourceTree = "<group>";
		};
		D89693761A2ADD3C00FF32D1 /* CellXibs */ = {
			isa = PBXGroup;
			children = (
			);
			path = CellXibs;
			sourceTree = "<group>";
		};
		D89693771A2ADD4F00FF32D1 /* ThirdParty */ = {
			isa = PBXGroup;
			children = (
			);
			path = ThirdParty;
			sourceTree = "<group>";
		};
		D89693781A2ADD5700FF32D1 /* Classes */ = {
			isa = PBXGroup;
			children = (
				D89693791A2ADD5700FF32D1 /* Extend */,
				D896937B1A2ADD5700FF32D1 /* Roots */,
				D896937C1A2ADD5700FF32D1 /* System */,
				D89693821A2ADD5700FF32D1 /* UI */,
			);
			path = Classes;
			sourceTree = "<group>";
		};
		D89693791A2ADD5700FF32D1 /* Extend */ = {
			isa = PBXGroup;
			children = (
				D896937A1A2ADD5700FF32D1 /* Protocols */,
				D8AA69CB1A37E7EB00CA9B31 /* GlobalVariables.h */,
				D8AA69CC1A37E7EB00CA9B31 /* GlobalVariables.m */,
			);
			path = Extend;
			sourceTree = "<group>";
		};
		D896937A1A2ADD5700FF32D1 /* Protocols */ = {
			isa = PBXGroup;
			children = (
			);
			path = Protocols;
			sourceTree = "<group>";
		};
		D896937B1A2ADD5700FF32D1 /* Roots */ = {
			isa = PBXGroup;
			children = (
				D8AA69B21A3536CC00CA9B31 /* MainBoard.h */,
				D8AA69B31A3536CC00CA9B31 /* MainBoard.m */,
			);
			path = Roots;
			sourceTree = "<group>";
		};
		D896937C1A2ADD5700FF32D1 /* System */ = {
			isa = PBXGroup;
			children = (
				D896937D1A2ADD5700FF32D1 /* Base */,
				D896937E1A2ADD5700FF32D1 /* DB */,
				D89693811A2ADD5700FF32D1 /* Network */,
			);
			path = System;
			sourceTree = "<group>";
		};
		D896937D1A2ADD5700FF32D1 /* Base */ = {
			isa = PBXGroup;
			children = (
				D89693871A2AE7D300FF32D1 /* WTUIBoard.h */,
				D89693881A2AE7D300FF32D1 /* WTUIBoard.m */,
			);
			path = Base;
			sourceTree = "<group>";
		};
		D896937E1A2ADD5700FF32D1 /* DB */ = {
			isa = PBXGroup;
			children = (
				D896937F1A2ADD5700FF32D1 /* Caches */,
				D89693801A2ADD5700FF32D1 /* Models */,
			);
			path = DB;
			sourceTree = "<group>";
		};
		D896937F1A2ADD5700FF32D1 /* Caches */ = {
			isa = PBXGroup;
			children = (
			);
			path = Caches;
			sourceTree = "<group>";
		};
		D89693801A2ADD5700FF32D1 /* Models */ = {
			isa = PBXGroup;
			children = (
				D8AA69C31A36ECDF00CA9B31 /* HealthTipModel.xcdatamodeld */,
			);
			path = Models;
			sourceTree = "<group>";
		};
		D89693811A2ADD5700FF32D1 /* Network */ = {
			isa = PBXGroup;
			children = (
			);
			path = Network;
			sourceTree = "<group>";
		};
		D89693821A2ADD5700FF32D1 /* UI */ = {
			isa = PBXGroup;
			children = (
				D89693831A2ADD5700FF32D1 /* Tool */,
				D8AA69BD1A35E67F00CA9B31 /* SettingBoard.h */,
				D8AA69BE1A35E67F00CA9B31 /* SettingBoard.m */,
			);
			path = UI;
			sourceTree = "<group>";
		};
		D89693831A2ADD5700FF32D1 /* Tool */ = {
			isa = PBXGroup;
			children = (
				D8AA69C01A35F3F300CA9B31 /* WTCircleLayer.h */,
				D8AA69C11A35F3F300CA9B31 /* WTCircleLayer.m */,
			);
			path = Tool;
			sourceTree = "<group>";
		};
		D8AA69C61A36ED8800CA9B31 /* Frameworks */ = {
			isa = PBXGroup;
			children = (
				D8AA69BB1A357A4D00CA9B31 /* CoreLocation.framework */,
				D8AA69B91A357A4600CA9B31 /* CoreData.framework */,
				D8AA69B71A357A3100CA9B31 /* HealthKit.framework */,
				D8AA69B51A357A2100CA9B31 /* MapKit.framework */,
			);
			name = Frameworks;
			sourceTree = "<group>";
		};
/* End PBXGroup section */

/* Begin PBXNativeTarget section */
		D89693181A2AD58500FF32D1 /* HealthTip */ = {
			isa = PBXNativeTarget;
			buildConfigurationList = D896933C1A2AD58500FF32D1 /* Build configuration list for PBXNativeTarget "HealthTip" */;
			buildPhases = (
				D89693151A2AD58500FF32D1 /* Sources */,
				D89693161A2AD58500FF32D1 /* Frameworks */,
				D89693171A2AD58500FF32D1 /* Resources */,
			);
			buildRules = (
			);
			dependencies = (
			);
			name = HealthTip;
			productName = HealthTip;
			productReference = D89693191A2AD58500FF32D1 /* HealthTip.app */;
			productType = "com.apple.product-type.application";
		};
/* End PBXNativeTarget section */

/* Begin PBXProject section */
		D89693111A2AD58500FF32D1 /* Project object */ = {
			isa = PBXProject;
			attributes = {
				LastUpgradeCheck = 0610;
				ORGANIZATIONNAME = Yorke;
				TargetAttributes = {
					D89693181A2AD58500FF32D1 = {
						CreatedOnToolsVersion = 6.1;
					};
				};
			};
			buildConfigurationList = D89693141A2AD58500FF32D1 /* Build configuration list for PBXProject "HealthTip" */;
			compatibilityVersion = "Xcode 3.2";
			developmentRegion = English;
			hasScannedForEncodings = 0;
			knownRegions = (
				en,
				Base,
			);
			mainGroup = D89693101A2AD58500FF32D1;
			productRefGroup = D896931A1A2AD58500FF32D1 /* Products */;
			projectDirPath = "";
			projectRoot = "";
			targets = (
				D89693181A2AD58500FF32D1 /* HealthTip */,
			);
		};
/* End PBXProject section */

/* Begin PBXResourcesBuildPhase section */
		D89693171A2AD58500FF32D1 /* Resources */ = {
			isa = PBXResourcesBuildPhase;
			buildActionMask = 2147483647;
			files = (
				D8AA69CA1A37E21F00CA9B31 /* back.png in Resources */,
				D89693281A2AD58500FF32D1 /* Main.storyboard in Resources */,
				D896932D1A2AD58500FF32D1 /* LaunchScreen.xib in Resources */,
				D896932A1A2AD58500FF32D1 /* Images.xcassets in Resources */,
			);
			runOnlyForDeploymentPostprocessing = 0;
		};
/* End PBXResourcesBuildPhase section */

/* Begin PBXSourcesBuildPhase section */
		D89693151A2AD58500FF32D1 /* Sources */ = {
			isa = PBXSourcesBuildPhase;
			buildActionMask = 2147483647;
			files = (
				D8AA69C51A36ECDF00CA9B31 /* HealthTipModel.xcdatamodeld in Sources */,
				D89693221A2AD58500FF32D1 /* AppDelegate.m in Sources */,
				D8AA69B41A3536CC00CA9B31 /* MainBoard.m in Sources */,
				D896931F1A2AD58500FF32D1 /* main.m in Sources */,
				D89693891A2AE7D300FF32D1 /* WTUIBoard.m in Sources */,
				D8AA69BF1A35E67F00CA9B31 /* SettingBoard.m in Sources */,
				D8AA69CD1A37E7EB00CA9B31 /* GlobalVariables.m in Sources */,
				D8AA69C21A35F3F300CA9B31 /* WTCircleLayer.m in Sources */,
			);
			runOnlyForDeploymentPostprocessing = 0;
		};
/* End PBXSourcesBuildPhase section */

/* Begin PBXVariantGroup section */
		D89693261A2AD58500FF32D1 /* Main.storyboard */ = {
			isa = PBXVariantGroup;
			children = (
				D89693271A2AD58500FF32D1 /* Base */,
			);
			name = Main.storyboard;
			path = ../..;
			sourceTree = "<group>";
		};
		D896932B1A2AD58500FF32D1 /* LaunchScreen.xib */ = {
			isa = PBXVariantGroup;
			children = (
				D896932C1A2AD58500FF32D1 /* Base */,
			);
			name = LaunchScreen.xib;
			path = ../..;
			sourceTree = "<group>";
		};
/* End PBXVariantGroup section */

/* Begin XCBuildConfiguration section */
		D896933A1A2AD58500FF32D1 /* Debug */ = {
			isa = XCBuildConfiguration;
			buildSettings = {
				ALWAYS_SEARCH_USER_PATHS = NO;
				CLANG_CXX_LANGUAGE_STANDARD = "gnu++0x";
				CLANG_CXX_LIBRARY = "libc++";
				CLANG_ENABLE_MODULES = YES;
				CLANG_ENABLE_OBJC_ARC = YES;
				CLANG_WARN_BOOL_CONVERSION = YES;
				CLANG_WARN_CONSTANT_CONVERSION = YES;
				CLANG_WARN_DIRECT_OBJC_ISA_USAGE = YES_ERROR;
				CLANG_WARN_EMPTY_BODY = YES;
				CLANG_WARN_ENUM_CONVERSION = YES;
				CLANG_WARN_INT_CONVERSION = YES;
				CLANG_WARN_OBJC_ROOT_CLASS = YES_ERROR;
				CLANG_WARN_UNREACHABLE_CODE = YES;
				CLANG_WARN__DUPLICATE_METHOD_MATCH = YES;
				CODE_SIGN_IDENTITY = "iPhone Developer: 耀 丁 (P9E792V23Q)";
				"CODE_SIGN_IDENTITY[sdk=iphoneos*]" = "iPhone Developer: 耀 丁 (P9E792V23Q)";
				COPY_PHASE_STRIP = NO;
				ENABLE_STRICT_OBJC_MSGSEND = YES;
				GCC_C_LANGUAGE_STANDARD = gnu99;
				GCC_DYNAMIC_NO_PIC = NO;
				GCC_OPTIMIZATION_LEVEL = 0;
				GCC_PREPROCESSOR_DEFINITIONS = (
					"DEBUG=1",
					"$(inherited)",
				);
				GCC_SYMBOLS_PRIVATE_EXTERN = NO;
				GCC_WARN_64_TO_32_BIT_CONVERSION = YES;
				GCC_WARN_ABOUT_RETURN_TYPE = YES_ERROR;
				GCC_WARN_UNDECLARED_SELECTOR = YES;
				GCC_WARN_UNINITIALIZED_AUTOS = YES_AGGRESSIVE;
				GCC_WARN_UNUSED_FUNCTION = YES;
				GCC_WARN_UNUSED_VARIABLE = YES;
				IPHONEOS_DEPLOYMENT_TARGET = 8.1;
				MTL_ENABLE_DEBUG_INFO = YES;
				ONLY_ACTIVE_ARCH = YES;
				PROVISIONING_PROFILE = "913009ed-6178-42c3-88bd-ff9e52ee607e";
				"PROVISIONING_PROFILE[sdk=*]" = "913009ed-6178-42c3-88bd-ff9e52ee607e";
				SDKROOT = iphoneos;
			};
			name = Debug;
		};
		D896933B1A2AD58500FF32D1 /* Release */ = {
			isa = XCBuildConfiguration;
			buildSettings = {
				ALWAYS_SEARCH_USER_PATHS = NO;
				CLANG_CXX_LANGUAGE_STANDARD = "gnu++0x";
				CLANG_CXX_LIBRARY = "libc++";
				CLANG_ENABLE_MODULES = YES;
				CLANG_ENABLE_OBJC_ARC = YES;
				CLANG_WARN_BOOL_CONVERSION = YES;
				CLANG_WARN_CONSTANT_CONVERSION = YES;
				CLANG_WARN_DIRECT_OBJC_ISA_USAGE = YES_ERROR;
				CLANG_WARN_EMPTY_BODY = YES;
				CLANG_WARN_ENUM_CONVERSION = YES;
				CLANG_WARN_INT_CONVERSION = YES;
				CLANG_WARN_OBJC_ROOT_CLASS = YES_ERROR;
				CLANG_WARN_UNREACHABLE_CODE = YES;
				CLANG_WARN__DUPLICATE_METHOD_MATCH = YES;
				CODE_SIGN_IDENTITY = "iPhone Developer: 耀 丁 (P9E792V23Q)";
				"CODE_SIGN_IDENTITY[sdk=iphoneos*]" = "iPhone Developer: 耀 丁 (P9E792V23Q)";
				COPY_PHASE_STRIP = YES;
				ENABLE_NS_ASSERTIONS = NO;
				ENABLE_STRICT_OBJC_MSGSEND = YES;
				GCC_C_LANGUAGE_STANDARD = gnu99;
				GCC_WARN_64_TO_32_BIT_CONVERSION = YES;
				GCC_WARN_ABOUT_RETURN_TYPE = YES_ERROR;
				GCC_WARN_UNDECLARED_SELECTOR = YES;
				GCC_WARN_UNINITIALIZED_AUTOS = YES_AGGRESSIVE;
				GCC_WARN_UNUSED_FUNCTION = YES;
				GCC_WARN_UNUSED_VARIABLE = YES;
				IPHONEOS_DEPLOYMENT_TARGET = 8.1;
				MTL_ENABLE_DEBUG_INFO = NO;
				PROVISIONING_PROFILE = "913009ed-6178-42c3-88bd-ff9e52ee607e";
				"PROVISIONING_PROFILE[sdk=*]" = "913009ed-6178-42c3-88bd-ff9e52ee607e";
				SDKROOT = iphoneos;
				VALIDATE_PRODUCT = YES;
			};
			name = Release;
		};
		D896933D1A2AD58500FF32D1 /* Debug */ = {
			isa = XCBuildConfiguration;
			buildSettings = {
				ASSETCATALOG_COMPILER_APPICON_NAME = AppIcon;
				CODE_SIGN_IDENTITY = "iPhone Developer: 耀 丁 (P9E792V23Q)";
				"CODE_SIGN_IDENTITY[sdk=iphoneos*]" = "iPhone Developer: 耀 丁 (P9E792V23Q)";
				GCC_PREFIX_HEADER = "$(PROJECT_DIR)/HealthTip/HealthTip-Prefix.pch";
				INFOPLIST_FILE = HealthTip/Info.plist;
				IPHONEOS_DEPLOYMENT_TARGET = 8.0;
				LD_RUNPATH_SEARCH_PATHS = "$(inherited) @executable_path/Frameworks";
				PRODUCT_NAME = "$(TARGET_NAME)";
				"PROVISIONING_PROFILE[sdk=*]" = "913009ed-6178-42c3-88bd-ff9e52ee607e";
				TARGETED_DEVICE_FAMILY = 1;
			};
			name = Debug;
		};
		D896933E1A2AD58500FF32D1 /* Release */ = {
			isa = XCBuildConfiguration;
			buildSettings = {
				ASSETCATALOG_COMPILER_APPICON_NAME = AppIcon;
				CODE_SIGN_IDENTITY = "iPhone Developer: 耀 丁 (P9E792V23Q)";
				"CODE_SIGN_IDENTITY[sdk=iphoneos*]" = "iPhone Developer: 耀 丁 (P9E792V23Q)";
				GCC_PREFIX_HEADER = "$(PROJECT_DIR)/HealthTip/HealthTip-Prefix.pch";
				INFOPLIST_FILE = HealthTip/Info.plist;
				IPHONEOS_DEPLOYMENT_TARGET = 8.0;
				LD_RUNPATH_SEARCH_PATHS = "$(inherited) @executable_path/Frameworks";
				PRODUCT_NAME = "$(TARGET_NAME)";
				"PROVISIONING_PROFILE[sdk=*]" = "913009ed-6178-42c3-88bd-ff9e52ee607e";
				TARGETED_DEVICE_FAMILY = 1;
			};
			name = Release;
		};
/* End XCBuildConfiguration section */

/* Begin XCConfigurationList section */
		D89693141A2AD58500FF32D1 /* Build configuration list for PBXProject "HealthTip" */ = {
			isa = XCConfigurationList;
			buildConfigurations = (
				D896933A1A2AD58500FF32D1 /* Debug */,
				D896933B1A2AD58500FF32D1 /* Release */,
			);
			defaultConfigurationIsVisible = 0;
			defaultConfigurationName = Release;
		};
		D896933C1A2AD58500FF32D1 /* Build configuration list for PBXNativeTarget "HealthTip" */ = {
			isa = XCConfigurationList;
			buildConfigurations = (
				D896933D1A2AD58500FF32D1 /* Debug */,
				D896933E1A2AD58500FF32D1 /* Release */,
			);
			defaultConfigurationIsVisible = 0;
			defaultConfigurationName = Release;
		};
/* End XCConfigurationList section */

/* Begin XCVersionGroup section */
		D8AA69C31A36ECDF00CA9B31 /* HealthTipModel.xcdatamodeld */ = {
			isa = XCVersionGroup;
			children = (
				D8AA69C41A36ECDF00CA9B31 /* HealthTipModel.xcdatamodel */,
			);
			currentVersion = D8AA69C41A36ECDF00CA9B31 /* HealthTipModel.xcdatamodel */;
			name = HealthTipModel.xcdatamodeld;
			path = ../../../../../HealthTipModel.xcdatamodeld;
			sourceTree = "<group>";
			versionGroupType = wrapper.xcdatamodel;
		};
/* End XCVersionGroup section */
	};
	rootObject = D89693111A2AD58500FF32D1 /* Project object */;
}
